
Microsoft Visual Studio Solution File, Format Version 12.00
# Visual Studio Version 17
VisualStudioVersion = 17.13.35828.75 d17.13
MinimumVisualStudioVersion = 10.0.40219.1
Project("{FAE04EC0-301F-11D3-BF4B-00C04F79EFBC}") = "libctm", "libctm\libctm.csproj", "{4415EC74-3711-414C-9A9E-42B45871F369}"
EndProject
Global
	GlobalSection(SolutionConfigurationPlatforms) = preSolution
		Debug|Any CPU = Debug|Any CPU
		Release|Any CPU = Release|Any CPU
	EndGlobalSection
	GlobalSection(ProjectConfigurationPlatforms) = postSolution
		{4415EC74-3711-414C-9A9E-42B45871F369}.Debug|Any CPU.ActiveCfg = Debug|Any CPU
		{4415EC74-3711-414C-9A9E-42B45871F369}.Debug|Any CPU.Build.0 = Debug|Any CPU
		{4415EC74-3711-414C-9A9E-42B45871F369}.Release|Any CPU.ActiveCfg = Release|Any CPU
		{4415EC74-3711-414C-9A9E-42B45871F369}.Release|Any CPU.Build.0 = Release|Any CPU
	EndGlobalSection
	GlobalSection(SolutionProperties) = preSolution
		HideSolutionNode = FALSE
	EndGlobalSection
	GlobalSection(ExtensibilityGlobals) = postSolution
		SolutionGuid = {D56E378B-67B9-4DAC-AE59-FD57928C901F}
	EndGlobalSection
EndGlobal
